{
  "name": "HR",
  "lockfileVersion": 3,
  "requires": true,
  "packages": {
    "": {
      "dependencies": {
        "devtools-detect": "^4.0.2",
        "dotenv": "^16.4.5"
      }
    },
    "node_modules/devtools-detect": {
      "version": "4.0.2",
      "resolved": "https://registry.npmjs.org/devtools-detect/-/devtools-detect-4.0.2.tgz",
      "integrity": "sha512-LfvHOc/a72gt4OvHOGFK51VmOeTM9Q5uuEeKX+k5oVWZM3qDoLBFVbdhjk7zXX54FuQ370L7OpmxQbNStT+7Gw==",
      "engines": {
        "node": "^12.20.0 || ^14.13.1 || >=16.0.0"
      },
      "funding": {
        "url": "https://github.com/sponsors/sindresorhus"
      }
    },
    "node_modules/dotenv": {
      "version": "16.4.5",
      "resolved": "https://registry.npmjs.org/dotenv/-/dotenv-16.4.5.tgz",
      "integrity": "sha512-ZmdL2rui+eB2YwhsWzjInR8LldtZHGDoQ1ugH85ppHKwpUHL7j7rN0Ti9NCnGiQbhaZ11FpR+7ao1dNsmduNUg==",
      "engines": {
        "node": ">=12"
      },
      "funding": {
        "url": "https://dotenvx.com"
      }
    }
  }
}
